
Microsoft Visual Studio Solution File, Format Version 12.00
# Visual Studio Version 16
VisualStudioVersion = 16.0.30002.166
MinimumVisualStudioVersion = 10.0.40219.1
Project("{FAE04EC0-301F-11D3-BF4B-00C04F79EFBC}") = "AppIMC.UWP", "AppIMC\AppIMC.UWP\AppIMC.UWP.csproj", "{10646896-04BF-45B6-9CC3-0BA9B0A9F7EA}"
EndProject
Project("{FAE04EC0-301F-11D3-BF4B-00C04F79EFBC}") = "AppIMC.Android", "AppIMC\AppIMC.Android\AppIMC.Android.csproj", "{6D99C5A8-0882-4152-9DF6-5CC57C9DDB77}"
EndProject
Project("{FAE04EC0-301F-11D3-BF4B-00C04F79EFBC}") = "AppIMC.iOS", "AppIMC\AppIMC.iOS\AppIMC.iOS.csproj", "{2DE3EB04-7E09-4933-ADA2-2DCEA9FA1237}"
EndProject
Project("{FAE04EC0-301F-11D3-BF4B-00C04F79EFBC}") = "AppIMC", "AppIMC\AppIMC\AppIMC.csproj", "{E57CF40C-AD59-4AFA-91B9-2FBCFF5D9D4B}"
EndProject
Global
	GlobalSection(SolutionConfigurationPlatforms) = preSolution
		Debug|Any CPU = Debug|Any CPU
		Debug|ARM = Debug|ARM
		Debug|iPhone = Debug|iPhone
		Debug|iPhoneSimulator = Debug|iPhoneSimulator
		Debug|x64 = Debug|x64
		Debug|x86 = Debug|x86
		Release|Any CPU = Release|Any CPU
		Release|ARM = Release|ARM
		Release|iPhone = Release|iPhone
		Release|iPhoneSimulator = Release|iPhoneSimulator
		Release|x64 = Release|x64
		Release|x86 = Release|x86
	EndGlobalSection
	GlobalSection(ProjectConfigurationPlatforms) = postSolution
		{10646896-04BF-45B6-9CC3-0BA9B0A9F7EA}.Debug|Any CPU.ActiveCfg = Debug|x86
		{10646896-04BF-45B6-9CC3-0BA9B0A9F7EA}.Debug|Any CPU.Build.0 = Debug|x86
		{10646896-04BF-45B6-9CC3-0BA9B0A9F7EA}.Debug|Any CPU.Deploy.0 = Debug|x86
		{10646896-04BF-45B6-9CC3-0BA9B0A9F7EA}.Debug|ARM.ActiveCfg = Debug|ARM
		{10646896-04BF-45B6-9CC3-0BA9B0A9F7EA}.Debug|ARM.Build.0 = Debug|ARM
		{10646896-04BF-45B6-9CC3-0BA9B0A9F7EA}.Debug|ARM.Deploy.0 = Debug|ARM
		{10646896-04BF-45B6-9CC3-0BA9B0A9F7EA}.Debug|iPhone.ActiveCfg = Debug|x86
		{10646896-04BF-45B6-9CC3-0BA9B0A9F7EA}.Debug|iPhone.Build.0 = Debug|x86
		{10646896-04BF-45B6-9CC3-0BA9B0A9F7EA}.Debug|iPhone.Deploy.0 = Debug|x86
		{10646896-04BF-45B6-9CC3-0BA9B0A9F7EA}.Debug|iPhoneSimulator.ActiveCfg = Debug|x86
		{10646896-04BF-45B6-9CC3-0BA9B0A9F7EA}.Debug|iPhoneSimulator.Build.0 = Debug|x86
		{10646896-04BF-45B6-9CC3-0BA9B0A9F7EA}.Debug|iPhoneSimulator.Deploy.0 = Debug|x86
		{10646896-04BF-45B6-9CC3-0BA9B0A9F7EA}.Debug|x64.ActiveCfg = Debug|x64
		{10646896-04BF-45B6-9CC3-0BA9B0A9F7EA}.Debug|x64.Build.0 = Debug|x64
		{10646896-04BF-45B6-9CC3-0BA9B0A9F7EA}.Debug|x64.Deploy.0 = Debug|x64
		{10646896-04BF-45B6-9CC3-0BA9B0A9F7EA}.Debug|x86.ActiveCfg = Debug|x86
		{10646896-04BF-45B6-9CC3-0BA9B0A9F7EA}.Debug|x86.Build.0 = Debug|x86
		{10646896-04BF-45B6-9CC3-0BA9B0A9F7EA}.Debug|x86.Deploy.0 = Debug|x86
		{10646896-04BF-45B6-9CC3-0BA9B0A9F7EA}.Release|Any CPU.ActiveCfg = Release|x86
		{10646896-04BF-45B6-9CC3-0BA9B0A9F7EA}.Release|Any CPU.Build.0 = Release|x86
		{10646896-04BF-45B6-9CC3-0BA9B0A9F7EA}.Release|Any CPU.Deploy.0 = Release|x86
		{10646896-04BF-45B6-9CC3-0BA9B0A9F7EA}.Release|ARM.ActiveCfg = Release|ARM
		{10646896-04BF-45B6-9CC3-0BA9B0A9F7EA}.Release|ARM.Build.0 = Release|ARM
		{10646896-04BF-45B6-9CC3-0BA9B0A9F7EA}.Release|ARM.Deploy.0 = Release|ARM
		{10646896-04BF-45B6-9CC3-0BA9B0A9F7EA}.Release|iPhone.ActiveCfg = Release|x86
		{10646896-04BF-45B6-9CC3-0BA9B0A9F7EA}.Release|iPhone.Build.0 = Release|x86
		{10646896-04BF-45B6-9CC3-0BA9B0A9F7EA}.Release|iPhone.Deploy.0 = Release|x86
		{10646896-04BF-45B6-9CC3-0BA9B0A9F7EA}.Release|iPhoneSimulator.ActiveCfg = Release|x86
		{10646896-04BF-45B6-9CC3-0BA9B0A9F7EA}.Release|iPhoneSimulator.Build.0 = Release|x86
		{10646896-04BF-45B6-9CC3-0BA9B0A9F7EA}.Release|iPhoneSimulator.Deploy.0 = Release|x86
		{10646896-04BF-45B6-9CC3-0BA9B0A9F7EA}.Release|x64.ActiveCfg = Release|x64
		{10646896-04BF-45B6-9CC3-0BA9B0A9F7EA}.Release|x64.Build.0 = Release|x64
		{10646896-04BF-45B6-9CC3-0BA9B0A9F7EA}.Release|x64.Deploy.0 = Release|x64
		{10646896-04BF-45B6-9CC3-0BA9B0A9F7EA}.Release|x86.ActiveCfg = Release|x86
		{10646896-04BF-45B6-9CC3-0BA9B0A9F7EA}.Release|x86.Build.0 = Release|x86
		{10646896-04BF-45B6-9CC3-0BA9B0A9F7EA}.Release|x86.Deploy.0 = Release|x86
		{6D99C5A8-0882-4152-9DF6-5CC57C9DDB77}.Debug|Any CPU.ActiveCfg = Debug|Any CPU
		{6D99C5A8-0882-4152-9DF6-5CC57C9DDB77}.Debug|Any CPU.Build.0 = Debug|Any CPU
		{6D99C5A8-0882-4152-9DF6-5CC57C9DDB77}.Debug|Any CPU.Deploy.0 = Debug|Any CPU
		{6D99C5A8-0882-4152-9DF6-5CC57C9DDB77}.Debug|ARM.ActiveCfg = Debug|Any CPU
		{6D99C5A8-0882-4152-9DF6-5CC57C9DDB77}.Debug|ARM.Build.0 = Debug|Any CPU
		{6D99C5A8-0882-4152-9DF6-5CC57C9DDB77}.Debug|ARM.Deploy.0 = Debug|Any CPU
		{6D99C5A8-0882-4152-9DF6-5CC57C9DDB77}.Debug|iPhone.ActiveCfg = Debug|Any CPU
		{6D99C5A8-0882-4152-9DF6-5CC57C9DDB77}.Debug|iPhone.Build.0 = Debug|Any CPU
		{6D99C5A8-0882-4152-9DF6-5CC57C9DDB77}.Debug|iPhone.Deploy.0 = Debug|Any CPU
		{6D99C5A8-0882-4152-9DF6-5CC57C9DDB77}.Debug|iPhoneSimulator.ActiveCfg = Debug|Any CPU
		{6D99C5A8-0882-4152-9DF6-5CC57C9DDB77}.Debug|iPhoneSimulator.Build.0 = Debug|Any CPU
		{6D99C5A8-0882-4152-9DF6-5CC57C9DDB77}.Debug|iPhoneSimulator.Deploy.0 = Debug|Any CPU
		{6D99C5A8-0882-4152-9DF6-5CC57C9DDB77}.Debug|x64.ActiveCfg = Debug|Any CPU
		{6D99C5A8-0882-4152-9DF6-5CC57C9DDB77}.Debug|x64.Build.0 = Debug|Any CPU
		{6D99C5A8-0882-4152-9DF6-5CC57C9DDB77}.Debug|x64.Deploy.0 = Debug|Any CPU
		{6D99C5A8-0882-4152-9DF6-5CC57C9DDB77}.Debug|x86.ActiveCfg = Debug|Any CPU
		{6D99C5A8-0882-4152-9DF6-5CC57C9DDB77}.Debug|x86.Build.0 = Debug|Any CPU
		{6D99C5A8-0882-4152-9DF6-5CC57C9DDB77}.Debug|x86.Deploy.0 = Debug|Any CPU
		{6D99C5A8-0882-4152-9DF6-5CC57C9DDB77}.Release|Any CPU.ActiveCfg = Release|Any CPU
		{6D99C5A8-0882-4152-9DF6-5CC57C9DDB77}.Release|Any CPU.Build.0 = Release|Any CPU
		{6D99C5A8-0882-4152-9DF6-5CC57C9DDB77}.Release|Any CPU.Deploy.0 = Release|Any CPU
		{6D99C5A8-0882-4152-9DF6-5CC57C9DDB77}.Release|ARM.ActiveCfg = Release|Any CPU
		{6D99C5A8-0882-4152-9DF6-5CC57C9DDB77}.Release|ARM.Build.0 = Release|Any CPU
		{6D99C5A8-0882-4152-9DF6-5CC57C9DDB77}.Release|ARM.Deploy.0 = Release|Any CPU
		{6D99C5A8-0882-4152-9DF6-5CC57C9DDB77}.Release|iPhone.ActiveCfg = Release|Any CPU
		{6D99C5A8-0882-4152-9DF6-5CC57C9DDB77}.Release|iPhone.Build.0 = Release|Any CPU
		{6D99C5A8-0882-4152-9DF6-5CC57C9DDB77}.Release|iPhone.Deploy.0 = Release|Any CPU
		{6D99C5A8-0882-4152-9DF6-5CC57C9DDB77}.Release|iPhoneSimulator.ActiveCfg = Release|Any CPU
		{6D99C5A8-0882-4152-9DF6-5CC57C9DDB77}.Release|iPhoneSimulator.Build.0 = Release|Any CPU
		{6D99C5A8-0882-4152-9DF6-5CC57C9DDB77}.Release|iPhoneSimulator.Deploy.0 = Release|Any CPU
		{6D99C5A8-0882-4152-9DF6-5CC57C9DDB77}.Release|x64.ActiveCfg = Release|Any CPU
		{6D99C5A8-0882-4152-9DF6-5CC57C9DDB77}.Release|x64.Build.0 = Release|Any CPU
		{6D99C5A8-0882-4152-9DF6-5CC57C9DDB77}.Release|x64.Deploy.0 = Release|Any CPU
		{6D99C5A8-0882-4152-9DF6-5CC57C9DDB77}.Release|x86.ActiveCfg = Release|Any CPU
		{6D99C5A8-0882-4152-9DF6-5CC57C9DDB77}.Release|x86.Build.0 = Release|Any CPU
		{6D99C5A8-0882-4152-9DF6-5CC57C9DDB77}.Release|x86.Deploy.0 = Release|Any CPU
		{2DE3EB04-7E09-4933-ADA2-2DCEA9FA1237}.Debug|Any CPU.ActiveCfg = Debug|iPhone
		{2DE3EB04-7E09-4933-ADA2-2DCEA9FA1237}.Debug|Any CPU.Build.0 = Debug|iPhone
		{2DE3EB04-7E09-4933-ADA2-2DCEA9FA1237}.Debug|Any CPU.Deploy.0 = Debug|iPhone
		{2DE3EB04-7E09-4933-ADA2-2DCEA9FA1237}.Debug|ARM.ActiveCfg = Debug|iPhone
		{2DE3EB04-7E09-4933-ADA2-2DCEA9FA1237}.Debug|ARM.Build.0 = Debug|iPhone
		{2DE3EB04-7E09-4933-ADA2-2DCEA9FA1237}.Debug|ARM.Deploy.0 = Debug|iPhone
		{2DE3EB04-7E09-4933-ADA2-2DCEA9FA1237}.Debug|iPhone.ActiveCfg = Debug|iPhone
		{2DE3EB04-7E09-4933-ADA2-2DCEA9FA1237}.Debug|iPhone.Build.0 = Debug|iPhone
		{2DE3EB04-7E09-4933-ADA2-2DCEA9FA1237}.Debug|iPhone.Deploy.0 = Debug|iPhone
		{2DE3EB04-7E09-4933-ADA2-2DCEA9FA1237}.Debug|iPhoneSimulator.ActiveCfg = Debug|iPhoneSimulator
		{2DE3EB04-7E09-4933-ADA2-2DCEA9FA1237}.Debug|iPhoneSimulator.Build.0 = Debug|iPhoneSimulator
		{2DE3EB04-7E09-4933-ADA2-2DCEA9FA1237}.Debug|iPhoneSimulator.Deploy.0 = Debug|iPhoneSimulator
		{2DE3EB04-7E09-4933-ADA2-2DCEA9FA1237}.Debug|x64.ActiveCfg = Debug|iPhone
		{2DE3EB04-7E09-4933-ADA2-2DCEA9FA1237}.Debug|x64.Build.0 = Debug|iPhone
		{2DE3EB04-7E09-4933-ADA2-2DCEA9FA1237}.Debug|x64.Deploy.0 = Debug|iPhone
		{2DE3EB04-7E09-4933-ADA2-2DCEA9FA1237}.Debug|x86.ActiveCfg = Debug|iPhone
		{2DE3EB04-7E09-4933-ADA2-2DCEA9FA1237}.Debug|x86.Build.0 = Debug|iPhone
		{2DE3EB04-7E09-4933-ADA2-2DCEA9FA1237}.Debug|x86.Deploy.0 = Debug|iPhone
		{2DE3EB04-7E09-4933-ADA2-2DCEA9FA1237}.Release|Any CPU.ActiveCfg = Release|iPhone
		{2DE3EB04-7E09-4933-ADA2-2DCEA9FA1237}.Release|Any CPU.Build.0 = Release|iPhone
		{2DE3EB04-7E09-4933-ADA2-2DCEA9FA1237}.Release|Any CPU.Deploy.0 = Release|iPhone
		{2DE3EB04-7E09-4933-ADA2-2DCEA9FA1237}.Release|ARM.ActiveCfg = Release|iPhone
		{2DE3EB04-7E09-4933-ADA2-2DCEA9FA1237}.Release|ARM.Build.0 = Release|iPhone
		{2DE3EB04-7E09-4933-ADA2-2DCEA9FA1237}.Release|ARM.Deploy.0 = Release|iPhone
		{2DE3EB04-7E09-4933-ADA2-2DCEA9FA1237}.Release|iPhone.ActiveCfg = Release|iPhone
		{2DE3EB04-7E09-4933-ADA2-2DCEA9FA1237}.Release|iPhone.Build.0 = Release|iPhone
		{2DE3EB04-7E09-4933-ADA2-2DCEA9FA1237}.Release|iPhone.Deploy.0 = Release|iPhone
		{2DE3EB04-7E09-4933-ADA2-2DCEA9FA1237}.Release|iPhoneSimulator.ActiveCfg = Release|iPhoneSimulator
		{2DE3EB04-7E09-4933-ADA2-2DCEA9FA1237}.Release|iPhoneSimulator.Build.0 = Release|iPhoneSimulator
		{2DE3EB04-7E09-4933-ADA2-2DCEA9FA1237}.Release|iPhoneSimulator.Deploy.0 = Release|iPhoneSimulator
		{2DE3EB04-7E09-4933-ADA2-2DCEA9FA1237}.Release|x64.ActiveCfg = Release|iPhone
		{2DE3EB04-7E09-4933-ADA2-2DCEA9FA1237}.Release|x64.Build.0 = Release|iPhone
		{2DE3EB04-7E09-4933-ADA2-2DCEA9FA1237}.Release|x64.Deploy.0 = Release|iPhone
		{2DE3EB04-7E09-4933-ADA2-2DCEA9FA1237}.Release|x86.ActiveCfg = Release|iPhone
		{2DE3EB04-7E09-4933-ADA2-2DCEA9FA1237}.Release|x86.Build.0 = Release|iPhone
		{2DE3EB04-7E09-4933-ADA2-2DCEA9FA1237}.Release|x86.Deploy.0 = Release|iPhone
		{E57CF40C-AD59-4AFA-91B9-2FBCFF5D9D4B}.Debug|Any CPU.ActiveCfg = Debug|Any CPU
		{E57CF40C-AD59-4AFA-91B9-2FBCFF5D9D4B}.Debug|Any CPU.Build.0 = Debug|Any CPU
		{E57CF40C-AD59-4AFA-91B9-2FBCFF5D9D4B}.Debug|Any CPU.Deploy.0 = Debug|Any CPU
		{E57CF40C-AD59-4AFA-91B9-2FBCFF5D9D4B}.Debug|ARM.ActiveCfg = Debug|Any CPU
		{E57CF40C-AD59-4AFA-91B9-2FBCFF5D9D4B}.Debug|ARM.Build.0 = Debug|Any CPU
		{E57CF40C-AD59-4AFA-91B9-2FBCFF5D9D4B}.Debug|ARM.Deploy.0 = Debug|Any CPU
		{E57CF40C-AD59-4AFA-91B9-2FBCFF5D9D4B}.Debug|iPhone.ActiveCfg = Debug|Any CPU
		{E57CF40C-AD59-4AFA-91B9-2FBCFF5D9D4B}.Debug|iPhone.Build.0 = Debug|Any CPU
		{E57CF40C-AD59-4AFA-91B9-2FBCFF5D9D4B}.Debug|iPhone.Deploy.0 = Debug|Any CPU
		{E57CF40C-AD59-4AFA-91B9-2FBCFF5D9D4B}.Debug|iPhoneSimulator.ActiveCfg = Debug|Any CPU
		{E57CF40C-AD59-4AFA-91B9-2FBCFF5D9D4B}.Debug|iPhoneSimulator.Build.0 = Debug|Any CPU
		{E57CF40C-AD59-4AFA-91B9-2FBCFF5D9D4B}.Debug|iPhoneSimulator.Deploy.0 = Debug|Any CPU
		{E57CF40C-AD59-4AFA-91B9-2FBCFF5D9D4B}.Debug|x64.ActiveCfg = Debug|Any CPU
		{E57CF40C-AD59-4AFA-91B9-2FBCFF5D9D4B}.Debug|x64.Build.0 = Debug|Any CPU
		{E57CF40C-AD59-4AFA-91B9-2FBCFF5D9D4B}.Debug|x64.Deploy.0 = Debug|Any CPU
		{E57CF40C-AD59-4AFA-91B9-2FBCFF5D9D4B}.Debug|x86.ActiveCfg = Debug|Any CPU
		{E57CF40C-AD59-4AFA-91B9-2FBCFF5D9D4B}.Debug|x86.Build.0 = Debug|Any CPU
		{E57CF40C-AD59-4AFA-91B9-2FBCFF5D9D4B}.Debug|x86.Deploy.0 = Debug|Any CPU
		{E57CF40C-AD59-4AFA-91B9-2FBCFF5D9D4B}.Release|Any CPU.ActiveCfg = Release|Any CPU
		{E57CF40C-AD59-4AFA-91B9-2FBCFF5D9D4B}.Release|Any CPU.Build.0 = Release|Any CPU
		{E57CF40C-AD59-4AFA-91B9-2FBCFF5D9D4B}.Release|Any CPU.Deploy.0 = Release|Any CPU
		{E57CF40C-AD59-4AFA-91B9-2FBCFF5D9D4B}.Release|ARM.ActiveCfg = Release|Any CPU
		{E57CF40C-AD59-4AFA-91B9-2FBCFF5D9D4B}.Release|ARM.Build.0 = Release|Any CPU
		{E57CF40C-AD59-4AFA-91B9-2FBCFF5D9D4B}.Release|ARM.Deploy.0 = Release|Any CPU
		{E57CF40C-AD59-4AFA-91B9-2FBCFF5D9D4B}.Release|iPhone.ActiveCfg = Release|Any CPU
		{E57CF40C-AD59-4AFA-91B9-2FBCFF5D9D4B}.Release|iPhone.Build.0 = Release|Any CPU
		{E57CF40C-AD59-4AFA-91B9-2FBCFF5D9D4B}.Release|iPhone.Deploy.0 = Release|Any CPU
		{E57CF40C-AD59-4AFA-91B9-2FBCFF5D9D4B}.Release|iPhoneSimulator.ActiveCfg = Release|Any CPU
		{E57CF40C-AD59-4AFA-91B9-2FBCFF5D9D4B}.Release|iPhoneSimulator.Build.0 = Release|Any CPU
		{E57CF40C-AD59-4AFA-91B9-2FBCFF5D9D4B}.Release|iPhoneSimulator.Deploy.0 = Release|Any CPU
		{E57CF40C-AD59-4AFA-91B9-2FBCFF5D9D4B}.Release|x64.ActiveCfg = Release|Any CPU
		{E57CF40C-AD59-4AFA-91B9-2FBCFF5D9D4B}.Release|x64.Build.0 = Release|Any CPU
		{E57CF40C-AD59-4AFA-91B9-2FBCFF5D9D4B}.Release|x64.Deploy.0 = Release|Any CPU
		{E57CF40C-AD59-4AFA-91B9-2FBCFF5D9D4B}.Release|x86.ActiveCfg = Release|Any CPU
		{E57CF40C-AD59-4AFA-91B9-2FBCFF5D9D4B}.Release|x86.Build.0 = Release|Any CPU
		{E57CF40C-AD59-4AFA-91B9-2FBCFF5D9D4B}.Release|x86.Deploy.0 = Release|Any CPU
	EndGlobalSection
	GlobalSection(SolutionProperties) = preSolution
		HideSolutionNode = FALSE
	EndGlobalSection
	GlobalSection(ExtensibilityGlobals) = postSolution
		SolutionGuid = {79AB352B-5DE7-47C5-9CC3-3A118F240DCE}
	EndGlobalSection
EndGlobal
